// !$*UTF8*$!
{
	archiveVersion = 1;
	classes = {
	};
	objectVersion = 56;
	objects = {

/* Begin PBXBuildFile section */
		7E59232A2ACE0014000B96F5 /* PPePa.swift in Sources */ = {isa = PBXBuildFile; fileRef = 7E5923292ACE0014000B96F5 /* PPePa.swift */; };
		7E59232C2ACE0014000B96F5 /* MainMenuView.swift in Sources */ = {isa = PBXBuildFile; fileRef = 7E59232B2ACE0014000B96F5 /* MainMenuView.swift */; };
		7E59232E2ACE0019000B96F5 /* Assets.xcassets in Resources */ = {isa = PBXBuildFile; fileRef = 7E59232D2ACE0019000B96F5 /* Assets.xcassets */; };
		7E5923312ACE0019000B96F5 /* Preview Assets.xcassets in Resources */ = {isa = PBXBuildFile; fileRef = 7E5923302ACE0019000B96F5 /* Preview Assets.xcassets */; };
		7E5923382ACE155B000B96F5 /* ColorExtension.swift in Sources */ = {isa = PBXBuildFile; fileRef = 7E5923372ACE155B000B96F5 /* ColorExtension.swift */; };
		7E7B49422AD1F94D006AA8B6 /* SearchBarDesign.swift in Sources */ = {isa = PBXBuildFile; fileRef = 7E7B49412AD1F94D006AA8B6 /* SearchBarDesign.swift */; };
		7E9C2F9A2AD34B860042F562 /* MeView.swift in Sources */ = {isa = PBXBuildFile; fileRef = 7E9C2F992AD34B860042F562 /* MeView.swift */; };
		7EC372632ADDFEBF001876AD /* Baloo2.ttf in Resources */ = {isa = PBXBuildFile; fileRef = 7EC372622ADDFEBF001876AD /* Baloo2.ttf */; };
		7EC810DC2AD1881B00A5DDD0 /* ButtonDesign.swift in Sources */ = {isa = PBXBuildFile; fileRef = 7EC810DB2AD1881B00A5DDD0 /* ButtonDesign.swift */; };
		DC14520A2B0D44F30059FE96 /* MapView.swift in Sources */ = {isa = PBXBuildFile; fileRef = DC1452092B0D44F30059FE96 /* MapView.swift */; };
		DC418C462B08F2570070D226 /* BackgroundDesign.swift in Sources */ = {isa = PBXBuildFile; fileRef = DC418C452B08F2570070D226 /* BackgroundDesign.swift */; };
		DC418C482B08F2D40070D226 /* ImageDesign.swift in Sources */ = {isa = PBXBuildFile; fileRef = DC418C472B08F2D40070D226 /* ImageDesign.swift */; };
		DC9FF34C2B0FD49200DFCBD7 /* StatsView.swift in Sources */ = {isa = PBXBuildFile; fileRef = DC9FF34B2B0FD49200DFCBD7 /* StatsView.swift */; };
		DCE5CB2C2B0E4078005E5760 /* NavigationBarDesign.swift in Sources */ = {isa = PBXBuildFile; fileRef = DCE5CB2B2B0E4078005E5760 /* NavigationBarDesign.swift */; };
/* End PBXBuildFile section */

/* Begin PBXFileReference section */
		7E5923262ACE0014000B96F5 /* Planet Pet Pals.app */ = {isa = PBXFileReference; explicitFileType = wrapper.application; includeInIndex = 0; path = "Planet Pet Pals.app"; sourceTree = BUILT_PRODUCTS_DIR; };
		7E5923292ACE0014000B96F5 /* PPePa.swift */ = {isa = PBXFileReference; lastKnownFileType = sourcecode.swift; path = PPePa.swift; sourceTree = "<group>"; };
		7E59232B2ACE0014000B96F5 /* MainMenuView.swift */ = {isa = PBXFileReference; lastKnownFileType = sourcecode.swift; path = MainMenuView.swift; sourceTree = "<group>"; };
		7E59232D2ACE0019000B96F5 /* Assets.xcassets */ = {isa = PBXFileReference; lastKnownFileType = folder.assetcatalog; path = Assets.xcassets; sourceTree = "<group>"; };
		7E5923302ACE0019000B96F5 /* Preview Assets.xcassets */ = {isa = PBXFileReference; lastKnownFileType = folder.assetcatalog; path = "Preview Assets.xcassets"; sourceTree = "<group>"; };
		7E5923372ACE155B000B96F5 /* ColorExtension.swift */ = {isa = PBXFileReference; lastKnownFileType = sourcecode.swift; path = ColorExtension.swift; sourceTree = "<group>"; };
		7E7B49412AD1F94D006AA8B6 /* SearchBarDesign.swift */ = {isa = PBXFileReference; lastKnownFileType = sourcecode.swift; path = SearchBarDesign.swift; sourceTree = "<group>"; };
		7E9C2F992AD34B860042F562 /* MeView.swift */ = {isa = PBXFileReference; lastKnownFileType = sourcecode.swift; path = MeView.swift; sourceTree = "<group>"; };
		7EC372622ADDFEBF001876AD /* Baloo2.ttf */ = {isa = PBXFileReference; lastKnownFileType = file; path = Baloo2.ttf; sourceTree = "<group>"; };
		7EC810DB2AD1881B00A5DDD0 /* ButtonDesign.swift */ = {isa = PBXFileReference; lastKnownFileType = sourcecode.swift; path = ButtonDesign.swift; sourceTree = "<group>"; };
		7EE375752AD04FD500C9D0DA /* Planet-Pet-Pals-Info.plist */ = {isa = PBXFileReference; fileEncoding = 4; lastKnownFileType = text.plist.xml; path = "Planet-Pet-Pals-Info.plist"; sourceTree = "<group>"; };
		DC1452092B0D44F30059FE96 /* MapView.swift */ = {isa = PBXFileReference; lastKnownFileType = sourcecode.swift; path = MapView.swift; sourceTree = "<group>"; };
		DC418C452B08F2570070D226 /* BackgroundDesign.swift */ = {isa = PBXFileReference; lastKnownFileType = sourcecode.swift; path = BackgroundDesign.swift; sourceTree = "<group>"; };
		DC418C472B08F2D40070D226 /* ImageDesign.swift */ = {isa = PBXFileReference; lastKnownFileType = sourcecode.swift; path = ImageDesign.swift; sourceTree = "<group>"; };
		DC9FF34B2B0FD49200DFCBD7 /* StatsView.swift */ = {isa = PBXFileReference; lastKnownFileType = sourcecode.swift; path = StatsView.swift; sourceTree = "<group>"; };
		DCE5CB2B2B0E4078005E5760 /* NavigationBarDesign.swift */ = {isa = PBXFileReference; lastKnownFileType = sourcecode.swift; path = NavigationBarDesign.swift; sourceTree = "<group>"; };
/* End PBXFileReference section */

/* Begin PBXFrameworksBuildPhase section */
		7E5923232ACE0014000B96F5 /* Frameworks */ = {
			isa = PBXFrameworksBuildPhase;
			buildActionMask = 2147483647;
			files = (
			);
			runOnlyForDeploymentPostprocessing = 0;
		};
/* End PBXFrameworksBuildPhase section */

/* Begin PBXGroup section */
		7E59231D2ACE0014000B96F5 = {
			isa = PBXGroup;
			children = (
				7EE375752AD04FD500C9D0DA /* Planet-Pet-Pals-Info.plist */,
				7E5923282ACE0014000B96F5 /* Planet Pet Pals */,
				7E5923272ACE0014000B96F5 /* Products */,
			);
			sourceTree = "<group>";
		};
		7E5923272ACE0014000B96F5 /* Products */ = {
			isa = PBXGroup;
			children = (
				7E5923262ACE0014000B96F5 /* Planet Pet Pals.app */,
			);
			name = Products;
			sourceTree = "<group>";
		};
		7E5923282ACE0014000B96F5 /* Planet Pet Pals */ = {
			isa = PBXGroup;
			children = (
				7EC3725D2ADDF24E001876AD /* Views */,
				7EC810DA2AD187E100A5DDD0 /* Design */,
				DC418C492B08F2EA0070D226 /* Extensions */,
				7EC3725C2ADDF227001876AD /* Fonts */,
				7E59232D2ACE0019000B96F5 /* Assets.xcassets */,
				7E59232F2ACE0019000B96F5 /* Preview Content */,
			);
			path = "Planet Pet Pals";
			sourceTree = "<group>";
		};
		7E59232F2ACE0019000B96F5 /* Preview Content */ = {
			isa = PBXGroup;
			children = (
				7E5923302ACE0019000B96F5 /* Preview Assets.xcassets */,
			);
			path = "Preview Content";
			sourceTree = "<group>";
		};
		7EC3725C2ADDF227001876AD /* Fonts */ = {
			isa = PBXGroup;
			children = (
				7EC372622ADDFEBF001876AD /* Baloo2.ttf */,
			);
			path = Fonts;
			sourceTree = "<group>";
		};
		7EC3725D2ADDF24E001876AD /* Views */ = {
			isa = PBXGroup;
			children = (
				7E5923292ACE0014000B96F5 /* PPePa.swift */,
				7E59232B2ACE0014000B96F5 /* MainMenuView.swift */,
				7E9C2F992AD34B860042F562 /* MeView.swift */,
				DC1452092B0D44F30059FE96 /* MapView.swift */,
				DC9FF34B2B0FD49200DFCBD7 /* StatsView.swift */,
			);
			path = Views;
			sourceTree = "<group>";
		};
		7EC810DA2AD187E100A5DDD0 /* Design */ = {
			isa = PBXGroup;
			children = (
				DC418C452B08F2570070D226 /* BackgroundDesign.swift */,
				DC418C472B08F2D40070D226 /* ImageDesign.swift */,
				7EC810DB2AD1881B00A5DDD0 /* ButtonDesign.swift */,
				7E7B49412AD1F94D006AA8B6 /* SearchBarDesign.swift */,
				DCE5CB2B2B0E4078005E5760 /* NavigationBarDesign.swift */,
			);
			path = Design;
			sourceTree = "<group>";
		};
		DC418C492B08F2EA0070D226 /* Extensions */ = {
			isa = PBXGroup;
			children = (
				7E5923372ACE155B000B96F5 /* ColorExtension.swift */,
			);
			path = Extensions;
			sourceTree = "<group>";
		};
/* End PBXGroup section */

/* Begin PBXNativeTarget section */
		7E5923252ACE0014000B96F5 /* Planet Pet Pals */ = {
			isa = PBXNativeTarget;
			buildConfigurationList = 7E5923342ACE0019000B96F5 /* Build configuration list for PBXNativeTarget "Planet Pet Pals" */;
			buildPhases = (
				7E5923222ACE0014000B96F5 /* Sources */,
				7E5923232ACE0014000B96F5 /* Frameworks */,
				7E5923242ACE0014000B96F5 /* Resources */,
			);
			buildRules = (
			);
			dependencies = (
			);
			name = "Planet Pet Pals";
			productName = "Planet Pet Pals";
			productReference = 7E5923262ACE0014000B96F5 /* Planet Pet Pals.app */;
			productType = "com.apple.product-type.application";
		};
/* End PBXNativeTarget section */

/* Begin PBXProject section */
		7E59231E2ACE0014000B96F5 /* Project object */ = {
			isa = PBXProject;
			attributes = {
				BuildIndependentTargetsInParallel = 1;
				LastSwiftUpdateCheck = 1500;
				LastUpgradeCheck = 1500;
				TargetAttributes = {
					7E5923252ACE0014000B96F5 = {
						CreatedOnToolsVersion = 15.0;
					};
				};
			};
			buildConfigurationList = 7E5923212ACE0014000B96F5 /* Build configuration list for PBXProject "Planet Pet Pals" */;
			compatibilityVersion = "Xcode 14.0";
			developmentRegion = en;
			hasScannedForEncodings = 0;
			knownRegions = (
				en,
				Base,
			);
			mainGroup = 7E59231D2ACE0014000B96F5;
			productRefGroup = 7E5923272ACE0014000B96F5 /* Products */;
			projectDirPath = "";
			projectRoot = "";
			targets = (
				7E5923252ACE0014000B96F5 /* Planet Pet Pals */,
			);
		};
/* End PBXProject section */

/* Begin PBXResourcesBuildPhase section */
		7E5923242ACE0014000B96F5 /* Resources */ = {
			isa = PBXResourcesBuildPhase;
			buildActionMask = 2147483647;
			files = (
				7E5923312ACE0019000B96F5 /* Preview Assets.xcassets in Resources */,
				7E59232E2ACE0019000B96F5 /* Assets.xcassets in Resources */,
				7EC372632ADDFEBF001876AD /* Baloo2.ttf in Resources */,
			);
			runOnlyForDeploymentPostprocessing = 0;
		};
/* End PBXResourcesBuildPhase section */

/* Begin PBXSourcesBuildPhase section */
		7E5923222ACE0014000B96F5 /* Sources */ = {
			isa = PBXSourcesBuildPhase;
			buildActionMask = 2147483647;
			files = (
				DC9FF34C2B0FD49200DFCBD7 /* StatsView.swift in Sources */,
				DC418C462B08F2570070D226 /* BackgroundDesign.swift in Sources */,
				DC418C482B08F2D40070D226 /* ImageDesign.swift in Sources */,
				7E9C2F9A2AD34B860042F562 /* MeView.swift in Sources */,
				7E59232C2ACE0014000B96F5 /* MainMenuView.swift in Sources */,
				7E5923382ACE155B000B96F5 /* ColorExtension.swift in Sources */,
				7E59232A2ACE0014000B96F5 /* PPePa.swift in Sources */,
				7EC810DC2AD1881B00A5DDD0 /* ButtonDesign.swift in Sources */,
				DC14520A2B0D44F30059FE96 /* MapView.swift in Sources */,
				7E7B49422AD1F94D006AA8B6 /* SearchBarDesign.swift in Sources */,
				DCE5CB2C2B0E4078005E5760 /* NavigationBarDesign.swift in Sources */,
			);
			runOnlyForDeploymentPostprocessing = 0;
		};
/* End PBXSourcesBuildPhase section */

/* Begin XCBuildConfiguration section */
		7E5923322ACE0019000B96F5 /* Debug */ = {
			isa = XCBuildConfiguration;
			buildSettings = {
				ALWAYS_SEARCH_USER_PATHS = NO;
				ASSETCATALOG_COMPILER_GENERATE_SWIFT_ASSET_SYMBOL_EXTENSIONS = YES;
				CLANG_ANALYZER_NONNULL = YES;
				CLANG_ANALYZER_NUMBER_OBJECT_CONVERSION = YES_AGGRESSIVE;
				CLANG_CXX_LANGUAGE_STANDARD = "gnu++20";
				CLANG_ENABLE_MODULES = YES;
				CLANG_ENABLE_OBJC_ARC = YES;
				CLANG_ENABLE_OBJC_WEAK = YES;
				CLANG_WARN_BLOCK_CAPTURE_AUTORELEASING = YES;
				CLANG_WARN_BOOL_CONVERSION = YES;
				CLANG_WARN_COMMA = YES;
				CLANG_WARN_CONSTANT_CONVERSION = YES;
				CLANG_WARN_DEPRECATED_OBJC_IMPLEMENTATIONS = YES;
				CLANG_WARN_DIRECT_OBJC_ISA_USAGE = YES_ERROR;
				CLANG_WARN_DOCUMENTATION_COMMENTS = YES;
				CLANG_WARN_EMPTY_BODY = YES;
				CLANG_WARN_ENUM_CONVERSION = YES;
				CLANG_WARN_INFINITE_RECURSION = YES;
				CLANG_WARN_INT_CONVERSION = YES;
				CLANG_WARN_NON_LITERAL_NULL_CONVERSION = YES;
				CLANG_WARN_OBJC_IMPLICIT_RETAIN_SELF = YES;
				CLANG_WARN_OBJC_LITERAL_CONVERSION = YES;
				CLANG_WARN_OBJC_ROOT_CLASS = YES_ERROR;
				CLANG_WARN_QUOTED_INCLUDE_IN_FRAMEWORK_HEADER = YES;
				CLANG_WARN_RANGE_LOOP_ANALYSIS = YES;
				CLANG_WARN_STRICT_PROTOTYPES = YES;
				CLANG_WARN_SUSPICIOUS_MOVE = YES;
				CLANG_WARN_UNGUARDED_AVAILABILITY = YES_AGGRESSIVE;
				CLANG_WARN_UNREACHABLE_CODE = YES;
				CLANG_WARN__DUPLICATE_METHOD_MATCH = YES;
				COPY_PHASE_STRIP = NO;
				DEBUG_INFORMATION_FORMAT = dwarf;
				ENABLE_STRICT_OBJC_MSGSEND = YES;
				ENABLE_TESTABILITY = YES;
				ENABLE_USER_SCRIPT_SANDBOXING = YES;
				GCC_C_LANGUAGE_STANDARD = gnu17;
				GCC_DYNAMIC_NO_PIC = NO;
				GCC_NO_COMMON_BLOCKS = YES;
				GCC_OPTIMIZATION_LEVEL = 0;
				GCC_PREPROCESSOR_DEFINITIONS = (
					"DEBUG=1",
					"$(inherited)",
				);
				GCC_WARN_64_TO_32_BIT_CONVERSION = YES;
				GCC_WARN_ABOUT_RETURN_TYPE = YES_ERROR;
				GCC_WARN_UNDECLARED_SELECTOR = YES;
				GCC_WARN_UNINITIALIZED_AUTOS = YES_AGGRESSIVE;
				GCC_WARN_UNUSED_FUNCTION = YES;
				GCC_WARN_UNUSED_VARIABLE = YES;
				IPHONEOS_DEPLOYMENT_TARGET = 17.0;
				LOCALIZATION_PREFERS_STRING_CATALOGS = YES;
				MTL_ENABLE_DEBUG_INFO = INCLUDE_SOURCE;
				MTL_FAST_MATH = YES;
				ONLY_ACTIVE_ARCH = YES;
				SDKROOT = iphoneos;
				SWIFT_ACTIVE_COMPILATION_CONDITIONS = "DEBUG $(inherited)";
				SWIFT_OPTIMIZATION_LEVEL = "-Onone";
			};
			name = Debug;
		};
		7E5923332ACE0019000B96F5 /* Release */ = {
			isa = XCBuildConfiguration;
			buildSettings = {
				ALWAYS_SEARCH_USER_PATHS = NO;
				ASSETCATALOG_COMPILER_GENERATE_SWIFT_ASSET_SYMBOL_EXTENSIONS = YES;
				CLANG_ANALYZER_NONNULL = YES;
				CLANG_ANALYZER_NUMBER_OBJECT_CONVERSION = YES_AGGRESSIVE;
				CLANG_CXX_LANGUAGE_STANDARD = "gnu++20";
				CLANG_ENABLE_MODULES = YES;
				CLANG_ENABLE_OBJC_ARC = YES;
				CLANG_ENABLE_OBJC_WEAK = YES;
				CLANG_WARN_BLOCK_CAPTURE_AUTORELEASING = YES;
				CLANG_WARN_BOOL_CONVERSION = YES;
				CLANG_WARN_COMMA = YES;
				CLANG_WARN_CONSTANT_CONVERSION = YES;
				CLANG_WARN_DEPRECATED_OBJC_IMPLEMENTATIONS = YES;
				CLANG_WARN_DIRECT_OBJC_ISA_USAGE = YES_ERROR;
				CLANG_WARN_DOCUMENTATION_COMMENTS = YES;
				CLANG_WARN_EMPTY_BODY = YES;
				CLANG_WARN_ENUM_CONVERSION = YES;
				CLANG_WARN_INFINITE_RECURSION = YES;
				CLANG_WARN_INT_CONVERSION = YES;
				CLANG_WARN_NON_LITERAL_NULL_CONVERSION = YES;
				CLANG_WARN_OBJC_IMPLICIT_RETAIN_SELF = YES;
				CLANG_WARN_OBJC_LITERAL_CONVERSION = YES;
				CLANG_WARN_OBJC_ROOT_CLASS = YES_ERROR;
				CLANG_WARN_QUOTED_INCLUDE_IN_FRAMEWORK_HEADER = YES;
				CLANG_WARN_RANGE_LOOP_ANALYSIS = YES;
				CLANG_WARN_STRICT_PROTOTYPES = YES;
				CLANG_WARN_SUSPICIOUS_MOVE = YES;
				CLANG_WARN_UNGUARDED_AVAILABILITY = YES_AGGRESSIVE;
				CLANG_WARN_UNREACHABLE_CODE = YES;
				CLANG_WARN__DUPLICATE_METHOD_MATCH = YES;
				COPY_PHASE_STRIP = NO;
				DEBUG_INFORMATION_FORMAT = "dwarf-with-dsym";
				ENABLE_NS_ASSERTIONS = NO;
				ENABLE_STRICT_OBJC_MSGSEND = YES;
				ENABLE_USER_SCRIPT_SANDBOXING = YES;
				GCC_C_LANGUAGE_STANDARD = gnu17;
				GCC_NO_COMMON_BLOCKS = YES;
				GCC_WARN_64_TO_32_BIT_CONVERSION = YES;
				GCC_WARN_ABOUT_RETURN_TYPE = YES_ERROR;
				GCC_WARN_UNDECLARED_SELECTOR = YES;
				GCC_WARN_UNINITIALIZED_AUTOS = YES_AGGRESSIVE;
				GCC_WARN_UNUSED_FUNCTION = YES;
				GCC_WARN_UNUSED_VARIABLE = YES;
				IPHONEOS_DEPLOYMENT_TARGET = 17.0;
				LOCALIZATION_PREFERS_STRING_CATALOGS = YES;
				MTL_ENABLE_DEBUG_INFO = NO;
				MTL_FAST_MATH = YES;
				SDKROOT = iphoneos;
				SWIFT_COMPILATION_MODE = wholemodule;
				VALIDATE_PRODUCT = YES;
			};
			name = Release;
		};
		7E5923352ACE0019000B96F5 /* Debug */ = {
			isa = XCBuildConfiguration;
			buildSettings = {
				ASSETCATALOG_COMPILER_APPICON_NAME = AppIcon;
				ASSETCATALOG_COMPILER_GLOBAL_ACCENT_COLOR_NAME = AccentColor;
				ASSETCATALOG_COMPILER_INCLUDE_ALL_APPICON_ASSETS = NO;
				CODE_SIGN_STYLE = Automatic;
				CURRENT_PROJECT_VERSION = 1;
				DEVELOPMENT_ASSET_PATHS = "\"Planet Pet Pals/Preview Content\"";
				DEVELOPMENT_TEAM = RW4PA4UCU3;
				ENABLE_PREVIEWS = YES;
				GENERATE_INFOPLIST_FILE = YES;
				INFOPLIST_FILE = "Planet-Pet-Pals-Info.plist";
				INFOPLIST_KEY_UIApplicationSceneManifest_Generation = YES;
				INFOPLIST_KEY_UIApplicationSupportsIndirectInputEvents = YES;
				INFOPLIST_KEY_UISupportedInterfaceOrientations_iPad = "UIInterfaceOrientationPortrait UIInterfaceOrientationPortraitUpsideDown UIInterfaceOrientationLandscapeLeft UIInterfaceOrientationLandscapeRight";
				INFOPLIST_KEY_UISupportedInterfaceOrientations_iPhone = "UIInterfaceOrientationPortrait UIInterfaceOrientationLandscapeLeft UIInterfaceOrientationLandscapeRight";
				IPHONEOS_DEPLOYMENT_TARGET = 16.0;
				LD_RUNPATH_SEARCH_PATHS = (
					"$(inherited)",
					"@executable_path/Frameworks",
				);
				MARKETING_VERSION = 1.0;
				PRODUCT_BUNDLE_IDENTIFIER = "com.liene.Planet-Pet-Pals";
				PRODUCT_NAME = "$(TARGET_NAME)";
				SWIFT_EMIT_LOC_STRINGS = YES;
				SWIFT_VERSION = 5.0;
				TARGETED_DEVICE_FAMILY = "1,2";
			};
			name = Debug;
		};
		7E5923362ACE0019000B96F5 /* Release */ = {
			isa = XCBuildConfiguration;
			buildSettings = {
				ASSETCATALOG_COMPILER_APPICON_NAME = AppIcon;
				ASSETCATALOG_COMPILER_GLOBAL_ACCENT_COLOR_NAME = AccentColor;
				ASSETCATALOG_COMPILER_INCLUDE_ALL_APPICON_ASSETS = NO;
				CODE_SIGN_STYLE = Automatic;
				CURRENT_PROJECT_VERSION = 1;
				DEVELOPMENT_ASSET_PATHS = "\"Planet Pet Pals/Preview Content\"";
				DEVELOPMENT_TEAM = RW4PA4UCU3;
				ENABLE_PREVIEWS = YES;
				GENERATE_INFOPLIST_FILE = YES;
				INFOPLIST_FILE = "Planet-Pet-Pals-Info.plist";
				INFOPLIST_KEY_UIApplicationSceneManifest_Generation = YES;
				INFOPLIST_KEY_UIApplicationSupportsIndirectInputEvents = YES;
				INFOPLIST_KEY_UISupportedInterfaceOrientations_iPad = "UIInterfaceOrientationPortrait UIInterfaceOrientationPortraitUpsideDown UIInterfaceOrientationLandscapeLeft UIInterfaceOrientationLandscapeRight";
				INFOPLIST_KEY_UISupportedInterfaceOrientations_iPhone = "UIInterfaceOrientationPortrait UIInterfaceOrientationLandscapeLeft UIInterfaceOrientationLandscapeRight";
				IPHONEOS_DEPLOYMENT_TARGET = 16.0;
				LD_RUNPATH_SEARCH_PATHS = (
					"$(inherited)",
					"@executable_path/Frameworks",
				);
				MARKETING_VERSION = 1.0;
				PRODUCT_BUNDLE_IDENTIFIER = "com.liene.Planet-Pet-Pals";
				PRODUCT_NAME = "$(TARGET_NAME)";
				SWIFT_EMIT_LOC_STRINGS = YES;
				SWIFT_VERSION = 5.0;
				TARGETED_DEVICE_FAMILY = "1,2";
			};
			name = Release;
		};
/* End XCBuildConfiguration section */

/* Begin XCConfigurationList section */
		7E5923212ACE0014000B96F5 /* Build configuration list for PBXProject "Planet Pet Pals" */ = {
			isa = XCConfigurationList;
			buildConfigurations = (
				7E5923322ACE0019000B96F5 /* Debug */,
				7E5923332ACE0019000B96F5 /* Release */,
			);
			defaultConfigurationIsVisible = 0;
			defaultConfigurationName = Release;
		};
		7E5923342ACE0019000B96F5 /* Build configuration list for PBXNativeTarget "Planet Pet Pals" */ = {
			isa = XCConfigurationList;
			buildConfigurations = (
				7E5923352ACE0019000B96F5 /* Debug */,
				7E5923362ACE0019000B96F5 /* Release */,
			);
			defaultConfigurationIsVisible = 0;
			defaultConfigurationName = Release;
		};
/* End XCConfigurationList section */
	};
	rootObject = 7E59231E2ACE0014000B96F5 /* Project object */;
}
