// !$*UTF8*$!
{
	archiveVersion = 1;
	classes = {
	};
	objectVersion = 56;
	objects = {

/* Begin PBXBuildFile section */
		7E59232A2ACE0014000B96F5 /* PPePa.swift in Sources */ = {isa = PBXBuildFile; fileRef = 7E5923292ACE0014000B96F5 /* PPePa.swift */; };
		7E59232C2ACE0014000B96F5 /* MainMenuView.swift in Sources */ = {isa = PBXBuildFile; fileRef = 7E59232B2ACE0014000B96F5 /* MainMenuView.swift */; };
		7E59232E2ACE0019000B96F5 /* Assets.xcassets in Resources */ = {isa = PBXBuildFile; fileRef = 7E59232D2ACE0019000B96F5 /* Assets.xcassets */; };
		7E5923312ACE0019000B96F5 /* Preview Assets.xcassets in Resources */ = {isa = PBXBuildFile; fileRef = 7E5923302ACE0019000B96F5 /* Preview Assets.xcassets */; };
		7E5923382ACE155B000B96F5 /* ColorExtension.swift in Sources */ = {isa = PBXBuildFile; fileRef = 7E5923372ACE155B000B96F5 /* ColorExtension.swift */; };
		7E7B49422AD1F94D006AA8B6 /* SearchBarDesign.swift in Sources */ = {isa = PBXBuildFile; fileRef = 7E7B49412AD1F94D006AA8B6 /* SearchBarDesign.swift */; };
		7E9C2F9A2AD34B860042F562 /* PanelView.swift in Sources */ = {isa = PBXBuildFile; fileRef = 7E9C2F992AD34B860042F562 /* PanelView.swift */; };
		7EC372632ADDFEBF001876AD /* Baloo2.ttf in Resources */ = {isa = PBXBuildFile; fileRef = 7EC372622ADDFEBF001876AD /* Baloo2.ttf */; };
		7EC810DC2AD1881B00A5DDD0 /* ButtonDesign.swift in Sources */ = {isa = PBXBuildFile; fileRef = 7EC810DB2AD1881B00A5DDD0 /* ButtonDesign.swift */; };
		DC01C5102B3A455D00486BCB /* Localizable.strings in Resources */ = {isa = PBXBuildFile; fileRef = DC01C5122B3A455E00486BCB /* Localizable.strings */; };
		DC1330C82B478D2D002FCF52 /* GoogleUtility.swift in Sources */ = {isa = PBXBuildFile; fileRef = DC1330C72B478D2D002FCF52 /* GoogleUtility.swift */; };
		DC1330CA2B479A14002FCF52 /* ProfileSettingsView.swift in Sources */ = {isa = PBXBuildFile; fileRef = DC1330C92B479A13002FCF52 /* ProfileSettingsView.swift */; };
		DC1330CC2B47ABB8002FCF52 /* PostViewModel.swift in Sources */ = {isa = PBXBuildFile; fileRef = DC1330CB2B47ABB8002FCF52 /* PostViewModel.swift */; };
		DC14520A2B0D44F30059FE96 /* MapView.swift in Sources */ = {isa = PBXBuildFile; fileRef = DC1452092B0D44F30059FE96 /* MapView.swift */; };
		DC334A2A2B38D4CA00B027B8 /* UserLikedPostManager.swift in Sources */ = {isa = PBXBuildFile; fileRef = DC334A292B38D4CA00B027B8 /* UserLikedPostManager.swift */; };
		DC38EEBE2B3726E60000AEB5 /* StorageManager.swift in Sources */ = {isa = PBXBuildFile; fileRef = DC38EEBD2B3726E60000AEB5 /* StorageManager.swift */; };
		DC3E676F2B45ABC2007CF2A8 /* CrashlyticsManager.swift in Sources */ = {isa = PBXBuildFile; fileRef = DC3E676E2B45ABC2007CF2A8 /* CrashlyticsManager.swift */; };
		DC3E67712B45AF8A007CF2A8 /* MaintenanceManager.swift in Sources */ = {isa = PBXBuildFile; fileRef = DC3E67702B45AF8A007CF2A8 /* MaintenanceManager.swift */; };
		DC3ECCBA2B2CF6C100D142B6 /* FirebaseFirestoreSwift in Frameworks */ = {isa = PBXBuildFile; productRef = DC3ECCB92B2CF6C100D142B6 /* FirebaseFirestoreSwift */; };
		DC3ECCBD2B2CF9A100D142B6 /* PanelViewModel.swift in Sources */ = {isa = PBXBuildFile; fileRef = DC3ECCBC2B2CF9A100D142B6 /* PanelViewModel.swift */; };
		DC3ECCBF2B2CFABD00D142B6 /* AuthViewModel.swift in Sources */ = {isa = PBXBuildFile; fileRef = DC3ECCBE2B2CFABD00D142B6 /* AuthViewModel.swift */; };
		DC3ECCC42B2CFCB200D142B6 /* ProfileView.swift in Sources */ = {isa = PBXBuildFile; fileRef = DC3ECCC32B2CFCB200D142B6 /* ProfileView.swift */; };
		DC3ECCC62B2D0EA000D142B6 /* UserManager.swift in Sources */ = {isa = PBXBuildFile; fileRef = DC3ECCC52B2D0EA000D142B6 /* UserManager.swift */; };
		DC3FF5712B48B83600E2EF78 /* StatsViewModel.swift in Sources */ = {isa = PBXBuildFile; fileRef = DC3FF5702B48B83500E2EF78 /* StatsViewModel.swift */; };
		DC3FF5732B48B87E00E2EF78 /* ChartViewModel.swift in Sources */ = {isa = PBXBuildFile; fileRef = DC3FF5722B48B87E00E2EF78 /* ChartViewModel.swift */; };
		DC3FF5752B48B8C300E2EF78 /* MyPostsViewModel.swift in Sources */ = {isa = PBXBuildFile; fileRef = DC3FF5742B48B8C300E2EF78 /* MyPostsViewModel.swift */; };
		DC3FF5772B48B8EF00E2EF78 /* ReportedPostsViewModel.swift in Sources */ = {isa = PBXBuildFile; fileRef = DC3FF5762B48B8EF00E2EF78 /* ReportedPostsViewModel.swift */; };
		DC3FF5792B48B91900E2EF78 /* DeletedPostsViewModel.swift in Sources */ = {isa = PBXBuildFile; fileRef = DC3FF5782B48B91900E2EF78 /* DeletedPostsViewModel.swift */; };
		DC3FF57B2B48B97E00E2EF78 /* ProfileSettingsViewModel.swift in Sources */ = {isa = PBXBuildFile; fileRef = DC3FF57A2B48B97E00E2EF78 /* ProfileSettingsViewModel.swift */; };
		DC3FF57D2B48B9DB00E2EF78 /* AccountSettingsViewModel.swift in Sources */ = {isa = PBXBuildFile; fileRef = DC3FF57C2B48B9DB00E2EF78 /* AccountSettingsViewModel.swift */; };
		DC418C462B08F2570070D226 /* BackgroundDesign.swift in Sources */ = {isa = PBXBuildFile; fileRef = DC418C452B08F2570070D226 /* BackgroundDesign.swift */; };
		DC418C482B08F2D40070D226 /* ImageDesign.swift in Sources */ = {isa = PBXBuildFile; fileRef = DC418C472B08F2D40070D226 /* ImageDesign.swift */; };
		DC44007F2B1D006A001F6609 /* ShapeDesign.swift in Sources */ = {isa = PBXBuildFile; fileRef = DC44007E2B1D006A001F6609 /* ShapeDesign.swift */; };
		DC4540792B30B005008322F9 /* PostManager.swift in Sources */ = {isa = PBXBuildFile; fileRef = DC4540782B30B005008322F9 /* PostManager.swift */; };
		DC49FBCB2B3395DD00770741 /* LikesView.swift in Sources */ = {isa = PBXBuildFile; fileRef = DC49FBCA2B3395DC00770741 /* LikesView.swift */; };
		DC49FBCD2B33960800770741 /* AppSettingsView.swift in Sources */ = {isa = PBXBuildFile; fileRef = DC49FBCC2B33960800770741 /* AppSettingsView.swift */; };
		DC49FBCF2B339FD600770741 /* PostCellView.swift in Sources */ = {isa = PBXBuildFile; fileRef = DC49FBCE2B339FD600770741 /* PostCellView.swift */; };
		DC5670B52B39EC1000807F2E /* ResetPasswordView.swift in Sources */ = {isa = PBXBuildFile; fileRef = DC5670B42B39EC1000807F2E /* ResetPasswordView.swift */; };
		DC5BDF262B3DDDB9005F6B06 /* FirebaseCrashlytics in Frameworks */ = {isa = PBXBuildFile; productRef = DC5BDF252B3DDDB9005F6B06 /* FirebaseCrashlytics */; };
		DC63B2012B3C6DFD0084C97C /* MaintenanceView.swift in Sources */ = {isa = PBXBuildFile; fileRef = DC63B2002B3C6DFD0084C97C /* MaintenanceView.swift */; };
		DC9158EC2B2A44890098A968 /* GoogleSignIn in Frameworks */ = {isa = PBXBuildFile; productRef = DC9158EB2B2A44890098A968 /* GoogleSignIn */; };
		DC9158EE2B2A44890098A968 /* GoogleSignInSwift in Frameworks */ = {isa = PBXBuildFile; productRef = DC9158ED2B2A44890098A968 /* GoogleSignInSwift */; };
		DC9158F02B2A45BF0098A968 /* GoogleService-Info.plist in Resources */ = {isa = PBXBuildFile; fileRef = DC9158EF2B2A45BF0098A968 /* GoogleService-Info.plist */; };
		DC9158F32B2A4DFC0098A968 /* Utilities.swift in Sources */ = {isa = PBXBuildFile; fileRef = DC9158F22B2A4DFC0098A968 /* Utilities.swift */; };
		DC9366342B2F0C880077D2F7 /* LaunchView.swift in Sources */ = {isa = PBXBuildFile; fileRef = DC9366332B2F0C880077D2F7 /* LaunchView.swift */; };
		DC97E3552B14D4BF00014018 /* RegionData.swift in Sources */ = {isa = PBXBuildFile; fileRef = DC97E3542B14D4BF00014018 /* RegionData.swift */; };
		DC9B47542B37763200721504 /* PostView.swift in Sources */ = {isa = PBXBuildFile; fileRef = DC9B47532B37763200721504 /* PostView.swift */; };
		DC9FB3D92B153A330035C0A7 /* ColorData.swift in Sources */ = {isa = PBXBuildFile; fileRef = DC9FB3D82B153A330035C0A7 /* ColorData.swift */; };
		DC9FF34C2B0FD49200DFCBD7 /* PostListView.swift in Sources */ = {isa = PBXBuildFile; fileRef = DC9FF34B2B0FD49200DFCBD7 /* PostListView.swift */; };
		DCB4889B2B20EFD10092201A /* ListDesign.swift in Sources */ = {isa = PBXBuildFile; fileRef = DCB4889A2B20EFD10092201A /* ListDesign.swift */; };
		DCB488A02B212D1E0092201A /* FirebaseAnalytics in Frameworks */ = {isa = PBXBuildFile; productRef = DCB4889F2B212D1E0092201A /* FirebaseAnalytics */; };
		DCB488A22B212D1E0092201A /* FirebaseAuth in Frameworks */ = {isa = PBXBuildFile; productRef = DCB488A12B212D1E0092201A /* FirebaseAuth */; };
		DCB488A42B212D1E0092201A /* FirebaseDatabase in Frameworks */ = {isa = PBXBuildFile; productRef = DCB488A32B212D1E0092201A /* FirebaseDatabase */; };
		DCB488A62B212D1E0092201A /* FirebaseFirestore in Frameworks */ = {isa = PBXBuildFile; productRef = DCB488A52B212D1E0092201A /* FirebaseFirestore */; };
		DCB488AC2B212D1E0092201A /* FirebaseStorage in Frameworks */ = {isa = PBXBuildFile; productRef = DCB488AB2B212D1E0092201A /* FirebaseStorage */; };
		DCB94C472B2E586600661077 /* LaunchScreen.storyboard in Resources */ = {isa = PBXBuildFile; fileRef = DCB94C462B2E586600661077 /* LaunchScreen.storyboard */; };
		DCD3B5B62B445C6B00A4743A /* StatsView.swift in Sources */ = {isa = PBXBuildFile; fileRef = DCD3B5B52B445C6B00A4743A /* StatsView.swift */; };
		DCD9E1682B4720E40045D20A /* PostMapView.swift in Sources */ = {isa = PBXBuildFile; fileRef = DCD9E1672B4720E40045D20A /* PostMapView.swift */; };
		DCD9E16A2B4759BE0045D20A /* DeletedUserPostsView.swift in Sources */ = {isa = PBXBuildFile; fileRef = DCD9E1692B4759BD0045D20A /* DeletedUserPostsView.swift */; };
		DCD9E16C2B476C540045D20A /* MyPostsView.swift in Sources */ = {isa = PBXBuildFile; fileRef = DCD9E16B2B476C530045D20A /* MyPostsView.swift */; };
		DCE5CB2C2B0E4078005E5760 /* NavigationBarDesign.swift in Sources */ = {isa = PBXBuildFile; fileRef = DCE5CB2B2B0E4078005E5760 /* NavigationBarDesign.swift */; };
		DCE6084A2B1E6143007C926A /* AboutView.swift in Sources */ = {isa = PBXBuildFile; fileRef = DCE608492B1E6143007C926A /* AboutView.swift */; };
		DCEDF5A12B3A5255000AACAB /* TextDesign.swift in Sources */ = {isa = PBXBuildFile; fileRef = DCEDF5A02B3A5255000AACAB /* TextDesign.swift */; };
		DCF581592B3E4D4000147095 /* ChartView.swift in Sources */ = {isa = PBXBuildFile; fileRef = DCF581582B3E4D4000147095 /* ChartView.swift */; };
		DCF5D1A42B4398D8001CF494 /* ReportedPostsView.swift in Sources */ = {isa = PBXBuildFile; fileRef = DCF5D1A32B4398D8001CF494 /* ReportedPostsView.swift */; };
		DCF671D82B24EDE00012D505 /* CreateView.swift in Sources */ = {isa = PBXBuildFile; fileRef = DCF671D72B24EDE00012D505 /* CreateView.swift */; };
		DCF6ECFE2B34F84B00BC5B11 /* PostListViewModel.swift in Sources */ = {isa = PBXBuildFile; fileRef = DCF6ECFD2B34F84B00BC5B11 /* PostListViewModel.swift */; };
		DCF6ED002B34F88400BC5B11 /* LikedPostsViewModel.swift in Sources */ = {isa = PBXBuildFile; fileRef = DCF6ECFF2B34F88400BC5B11 /* LikedPostsViewModel.swift */; };
		DCF6ED022B34F95800BC5B11 /* LikesViewModel.swift in Sources */ = {isa = PBXBuildFile; fileRef = DCF6ED012B34F95800BC5B11 /* LikesViewModel.swift */; };
		DCF6ED042B34F9B300BC5B11 /* ProfileViewModel.swift in Sources */ = {isa = PBXBuildFile; fileRef = DCF6ED032B34F9B300BC5B11 /* ProfileViewModel.swift */; };
		DCF813522B4262BD004AD2D2 /* AccountSettingsView.swift in Sources */ = {isa = PBXBuildFile; fileRef = DCF813512B4262BD004AD2D2 /* AccountSettingsView.swift */; };
		DCFBD2442B44F3310049E16F /* AnimalData.swift in Sources */ = {isa = PBXBuildFile; fileRef = DCFBD2432B44F3310049E16F /* AnimalData.swift */; };
		DCFC5DA92B28EBF100AA9EB3 /* AuthManager.swift in Sources */ = {isa = PBXBuildFile; fileRef = DCFC5DA82B28EBF100AA9EB3 /* AuthManager.swift */; };
		DCFC5DAB2B28FD9B00AA9EB3 /* RootView.swift in Sources */ = {isa = PBXBuildFile; fileRef = DCFC5DAA2B28FD9B00AA9EB3 /* RootView.swift */; };
		DCFC5DAD2B290E5E00AA9EB3 /* AuthView.swift in Sources */ = {isa = PBXBuildFile; fileRef = DCFC5DAC2B290E5E00AA9EB3 /* AuthView.swift */; };
		DCFCE8582B41CFE100EAD795 /* CreateViewModel.swift in Sources */ = {isa = PBXBuildFile; fileRef = DCFCE8572B41CFE100EAD795 /* CreateViewModel.swift */; };
		DCFCE85A2B41D2C400EAD795 /* MapPickerView.swift in Sources */ = {isa = PBXBuildFile; fileRef = DCFCE8592B41D2C400EAD795 /* MapPickerView.swift */; };
		DCFCE85C2B41D90400EAD795 /* SectionDesign.swift in Sources */ = {isa = PBXBuildFile; fileRef = DCFCE85B2B41D90400EAD795 /* SectionDesign.swift */; };
/* End PBXBuildFile section */

/* Begin PBXFileReference section */
		7E5923262ACE0014000B96F5 /* Planet Pet Pals.app */ = {isa = PBXFileReference; explicitFileType = wrapper.application; includeInIndex = 0; path = "Planet Pet Pals.app"; sourceTree = BUILT_PRODUCTS_DIR; };
		7E5923292ACE0014000B96F5 /* PPePa.swift */ = {isa = PBXFileReference; lastKnownFileType = sourcecode.swift; path = PPePa.swift; sourceTree = "<group>"; };
		7E59232B2ACE0014000B96F5 /* MainMenuView.swift */ = {isa = PBXFileReference; lastKnownFileType = sourcecode.swift; path = MainMenuView.swift; sourceTree = "<group>"; };
		7E59232D2ACE0019000B96F5 /* Assets.xcassets */ = {isa = PBXFileReference; lastKnownFileType = folder.assetcatalog; path = Assets.xcassets; sourceTree = "<group>"; };
		7E5923302ACE0019000B96F5 /* Preview Assets.xcassets */ = {isa = PBXFileReference; lastKnownFileType = folder.assetcatalog; path = "Preview Assets.xcassets"; sourceTree = "<group>"; };
		7E5923372ACE155B000B96F5 /* ColorExtension.swift */ = {isa = PBXFileReference; lastKnownFileType = sourcecode.swift; path = ColorExtension.swift; sourceTree = "<group>"; };
		7E7B49412AD1F94D006AA8B6 /* SearchBarDesign.swift */ = {isa = PBXFileReference; lastKnownFileType = sourcecode.swift; path = SearchBarDesign.swift; sourceTree = "<group>"; };
		7E9C2F992AD34B860042F562 /* PanelView.swift */ = {isa = PBXFileReference; lastKnownFileType = sourcecode.swift; path = PanelView.swift; sourceTree = "<group>"; };
		7EC372622ADDFEBF001876AD /* Baloo2.ttf */ = {isa = PBXFileReference; lastKnownFileType = file; path = Baloo2.ttf; sourceTree = "<group>"; };
		7EC810DB2AD1881B00A5DDD0 /* ButtonDesign.swift */ = {isa = PBXFileReference; lastKnownFileType = sourcecode.swift; path = ButtonDesign.swift; sourceTree = "<group>"; };
		7EE375752AD04FD500C9D0DA /* Planet-Pet-Pals-Info.plist */ = {isa = PBXFileReference; fileEncoding = 4; lastKnownFileType = text.plist.xml; path = "Planet-Pet-Pals-Info.plist"; sourceTree = "<group>"; };
		DC01C5112B3A455E00486BCB /* en */ = {isa = PBXFileReference; lastKnownFileType = text.plist.strings; name = en; path = en.lproj/Localizable.strings; sourceTree = "<group>"; };
		DC1330C72B478D2D002FCF52 /* GoogleUtility.swift */ = {isa = PBXFileReference; lastKnownFileType = sourcecode.swift; path = GoogleUtility.swift; sourceTree = "<group>"; };
		DC1330C92B479A13002FCF52 /* ProfileSettingsView.swift */ = {isa = PBXFileReference; lastKnownFileType = sourcecode.swift; path = ProfileSettingsView.swift; sourceTree = "<group>"; };
		DC1330CB2B47ABB8002FCF52 /* PostViewModel.swift */ = {isa = PBXFileReference; lastKnownFileType = sourcecode.swift; path = PostViewModel.swift; sourceTree = "<group>"; };
		DC1452092B0D44F30059FE96 /* MapView.swift */ = {isa = PBXFileReference; lastKnownFileType = sourcecode.swift; path = MapView.swift; sourceTree = "<group>"; };
		DC334A292B38D4CA00B027B8 /* UserLikedPostManager.swift */ = {isa = PBXFileReference; lastKnownFileType = sourcecode.swift; path = UserLikedPostManager.swift; sourceTree = "<group>"; };
		DC38EEBD2B3726E60000AEB5 /* StorageManager.swift */ = {isa = PBXFileReference; lastKnownFileType = sourcecode.swift; path = StorageManager.swift; sourceTree = "<group>"; };
		DC3E676E2B45ABC2007CF2A8 /* CrashlyticsManager.swift */ = {isa = PBXFileReference; lastKnownFileType = sourcecode.swift; path = CrashlyticsManager.swift; sourceTree = "<group>"; };
		DC3E67702B45AF8A007CF2A8 /* MaintenanceManager.swift */ = {isa = PBXFileReference; lastKnownFileType = sourcecode.swift; path = MaintenanceManager.swift; sourceTree = "<group>"; };
		DC3ECCBC2B2CF9A100D142B6 /* PanelViewModel.swift */ = {isa = PBXFileReference; lastKnownFileType = sourcecode.swift; path = PanelViewModel.swift; sourceTree = "<group>"; };
		DC3ECCBE2B2CFABD00D142B6 /* AuthViewModel.swift */ = {isa = PBXFileReference; lastKnownFileType = sourcecode.swift; path = AuthViewModel.swift; sourceTree = "<group>"; };
		DC3ECCC32B2CFCB200D142B6 /* ProfileView.swift */ = {isa = PBXFileReference; lastKnownFileType = sourcecode.swift; path = ProfileView.swift; sourceTree = "<group>"; };
		DC3ECCC52B2D0EA000D142B6 /* UserManager.swift */ = {isa = PBXFileReference; lastKnownFileType = sourcecode.swift; path = UserManager.swift; sourceTree = "<group>"; };
		DC3FF5702B48B83500E2EF78 /* StatsViewModel.swift */ = {isa = PBXFileReference; lastKnownFileType = sourcecode.swift; path = StatsViewModel.swift; sourceTree = "<group>"; };
		DC3FF5722B48B87E00E2EF78 /* ChartViewModel.swift */ = {isa = PBXFileReference; lastKnownFileType = sourcecode.swift; path = ChartViewModel.swift; sourceTree = "<group>"; };
		DC3FF5742B48B8C300E2EF78 /* MyPostsViewModel.swift */ = {isa = PBXFileReference; lastKnownFileType = sourcecode.swift; path = MyPostsViewModel.swift; sourceTree = "<group>"; };
		DC3FF5762B48B8EF00E2EF78 /* ReportedPostsViewModel.swift */ = {isa = PBXFileReference; lastKnownFileType = sourcecode.swift; path = ReportedPostsViewModel.swift; sourceTree = "<group>"; };
		DC3FF5782B48B91900E2EF78 /* DeletedPostsViewModel.swift */ = {isa = PBXFileReference; lastKnownFileType = sourcecode.swift; path = DeletedPostsViewModel.swift; sourceTree = "<group>"; };
		DC3FF57A2B48B97E00E2EF78 /* ProfileSettingsViewModel.swift */ = {isa = PBXFileReference; lastKnownFileType = sourcecode.swift; path = ProfileSettingsViewModel.swift; sourceTree = "<group>"; };
		DC3FF57C2B48B9DB00E2EF78 /* AccountSettingsViewModel.swift */ = {isa = PBXFileReference; lastKnownFileType = sourcecode.swift; path = AccountSettingsViewModel.swift; sourceTree = "<group>"; };
		DC418C452B08F2570070D226 /* BackgroundDesign.swift */ = {isa = PBXFileReference; lastKnownFileType = sourcecode.swift; path = BackgroundDesign.swift; sourceTree = "<group>"; };
		DC418C472B08F2D40070D226 /* ImageDesign.swift */ = {isa = PBXFileReference; lastKnownFileType = sourcecode.swift; path = ImageDesign.swift; sourceTree = "<group>"; };
		DC44007E2B1D006A001F6609 /* ShapeDesign.swift */ = {isa = PBXFileReference; lastKnownFileType = sourcecode.swift; path = ShapeDesign.swift; sourceTree = "<group>"; };
		DC4540782B30B005008322F9 /* PostManager.swift */ = {isa = PBXFileReference; lastKnownFileType = sourcecode.swift; path = PostManager.swift; sourceTree = "<group>"; };
		DC49FBCA2B3395DC00770741 /* LikesView.swift */ = {isa = PBXFileReference; lastKnownFileType = sourcecode.swift; path = LikesView.swift; sourceTree = "<group>"; };
		DC49FBCC2B33960800770741 /* AppSettingsView.swift */ = {isa = PBXFileReference; lastKnownFileType = sourcecode.swift; path = AppSettingsView.swift; sourceTree = "<group>"; };
		DC49FBCE2B339FD600770741 /* PostCellView.swift */ = {isa = PBXFileReference; lastKnownFileType = sourcecode.swift; path = PostCellView.swift; sourceTree = "<group>"; };
		DC5670B42B39EC1000807F2E /* ResetPasswordView.swift */ = {isa = PBXFileReference; lastKnownFileType = sourcecode.swift; path = ResetPasswordView.swift; sourceTree = "<group>"; };
		DC63B2002B3C6DFD0084C97C /* MaintenanceView.swift */ = {isa = PBXFileReference; lastKnownFileType = sourcecode.swift; path = MaintenanceView.swift; sourceTree = "<group>"; };
		DC9158EF2B2A45BF0098A968 /* GoogleService-Info.plist */ = {isa = PBXFileReference; fileEncoding = 4; lastKnownFileType = text.plist.xml; name = "GoogleService-Info.plist"; path = "../../../Downloads/GoogleService-Info.plist"; sourceTree = "<group>"; };
		DC9158F22B2A4DFC0098A968 /* Utilities.swift */ = {isa = PBXFileReference; lastKnownFileType = sourcecode.swift; path = Utilities.swift; sourceTree = "<group>"; };
		DC9366332B2F0C880077D2F7 /* LaunchView.swift */ = {isa = PBXFileReference; lastKnownFileType = sourcecode.swift; path = LaunchView.swift; sourceTree = "<group>"; };
		DC97E3542B14D4BF00014018 /* RegionData.swift */ = {isa = PBXFileReference; lastKnownFileType = sourcecode.swift; path = RegionData.swift; sourceTree = "<group>"; };
		DC9B47532B37763200721504 /* PostView.swift */ = {isa = PBXFileReference; lastKnownFileType = sourcecode.swift; path = PostView.swift; sourceTree = "<group>"; };
		DC9FB3D82B153A330035C0A7 /* ColorData.swift */ = {isa = PBXFileReference; lastKnownFileType = sourcecode.swift; path = ColorData.swift; sourceTree = "<group>"; };
		DC9FF34B2B0FD49200DFCBD7 /* PostListView.swift */ = {isa = PBXFileReference; lastKnownFileType = sourcecode.swift; path = PostListView.swift; sourceTree = "<group>"; };
		DCB4889A2B20EFD10092201A /* ListDesign.swift */ = {isa = PBXFileReference; lastKnownFileType = sourcecode.swift; path = ListDesign.swift; sourceTree = "<group>"; };
		DCB94C462B2E586600661077 /* LaunchScreen.storyboard */ = {isa = PBXFileReference; lastKnownFileType = file.storyboard; path = LaunchScreen.storyboard; sourceTree = "<group>"; };
		DCD3B5B52B445C6B00A4743A /* StatsView.swift */ = {isa = PBXFileReference; lastKnownFileType = sourcecode.swift; path = StatsView.swift; sourceTree = "<group>"; };
		DCD9E1672B4720E40045D20A /* PostMapView.swift */ = {isa = PBXFileReference; lastKnownFileType = sourcecode.swift; path = PostMapView.swift; sourceTree = "<group>"; };
		DCD9E1692B4759BD0045D20A /* DeletedUserPostsView.swift */ = {isa = PBXFileReference; lastKnownFileType = sourcecode.swift; path = DeletedUserPostsView.swift; sourceTree = "<group>"; };
		DCD9E16B2B476C530045D20A /* MyPostsView.swift */ = {isa = PBXFileReference; lastKnownFileType = sourcecode.swift; path = MyPostsView.swift; sourceTree = "<group>"; };
		DCE5CB2B2B0E4078005E5760 /* NavigationBarDesign.swift */ = {isa = PBXFileReference; lastKnownFileType = sourcecode.swift; path = NavigationBarDesign.swift; sourceTree = "<group>"; };
		DCE608492B1E6143007C926A /* AboutView.swift */ = {isa = PBXFileReference; lastKnownFileType = sourcecode.swift; path = AboutView.swift; sourceTree = "<group>"; };
		DCEDF5A02B3A5255000AACAB /* TextDesign.swift */ = {isa = PBXFileReference; lastKnownFileType = sourcecode.swift; path = TextDesign.swift; sourceTree = "<group>"; };
		DCF581582B3E4D4000147095 /* ChartView.swift */ = {isa = PBXFileReference; lastKnownFileType = sourcecode.swift; path = ChartView.swift; sourceTree = "<group>"; };
		DCF5D1A32B4398D8001CF494 /* ReportedPostsView.swift */ = {isa = PBXFileReference; lastKnownFileType = sourcecode.swift; path = ReportedPostsView.swift; sourceTree = "<group>"; };
		DCF671D72B24EDE00012D505 /* CreateView.swift */ = {isa = PBXFileReference; lastKnownFileType = sourcecode.swift; path = CreateView.swift; sourceTree = "<group>"; };
		DCF6ECFD2B34F84B00BC5B11 /* PostListViewModel.swift */ = {isa = PBXFileReference; lastKnownFileType = sourcecode.swift; path = PostListViewModel.swift; sourceTree = "<group>"; };
		DCF6ECFF2B34F88400BC5B11 /* LikedPostsViewModel.swift */ = {isa = PBXFileReference; lastKnownFileType = sourcecode.swift; path = LikedPostsViewModel.swift; sourceTree = "<group>"; };
		DCF6ED012B34F95800BC5B11 /* LikesViewModel.swift */ = {isa = PBXFileReference; lastKnownFileType = sourcecode.swift; path = LikesViewModel.swift; sourceTree = "<group>"; };
		DCF6ED032B34F9B300BC5B11 /* ProfileViewModel.swift */ = {isa = PBXFileReference; lastKnownFileType = sourcecode.swift; path = ProfileViewModel.swift; sourceTree = "<group>"; };
		DCF813512B4262BD004AD2D2 /* AccountSettingsView.swift */ = {isa = PBXFileReference; lastKnownFileType = sourcecode.swift; path = AccountSettingsView.swift; sourceTree = "<group>"; };
		DCFBD2432B44F3310049E16F /* AnimalData.swift */ = {isa = PBXFileReference; lastKnownFileType = sourcecode.swift; path = AnimalData.swift; sourceTree = "<group>"; };
		DCFC5DA82B28EBF100AA9EB3 /* AuthManager.swift */ = {isa = PBXFileReference; lastKnownFileType = sourcecode.swift; path = AuthManager.swift; sourceTree = "<group>"; };
		DCFC5DAA2B28FD9B00AA9EB3 /* RootView.swift */ = {isa = PBXFileReference; lastKnownFileType = sourcecode.swift; path = RootView.swift; sourceTree = "<group>"; };
		DCFC5DAC2B290E5E00AA9EB3 /* AuthView.swift */ = {isa = PBXFileReference; lastKnownFileType = sourcecode.swift; path = AuthView.swift; sourceTree = "<group>"; };
		DCFCE8572B41CFE100EAD795 /* CreateViewModel.swift */ = {isa = PBXFileReference; lastKnownFileType = sourcecode.swift; path = CreateViewModel.swift; sourceTree = "<group>"; };
		DCFCE8592B41D2C400EAD795 /* MapPickerView.swift */ = {isa = PBXFileReference; lastKnownFileType = sourcecode.swift; path = MapPickerView.swift; sourceTree = "<group>"; };
		DCFCE85B2B41D90400EAD795 /* SectionDesign.swift */ = {isa = PBXFileReference; lastKnownFileType = sourcecode.swift; path = SectionDesign.swift; sourceTree = "<group>"; };
/* End PBXFileReference section */

/* Begin PBXFrameworksBuildPhase section */
		7E5923232ACE0014000B96F5 /* Frameworks */ = {
			isa = PBXFrameworksBuildPhase;
			buildActionMask = 2147483647;
			files = (
				DC9158EE2B2A44890098A968 /* GoogleSignInSwift in Frameworks */,
				DCB488A42B212D1E0092201A /* FirebaseDatabase in Frameworks */,
				DC9158EC2B2A44890098A968 /* GoogleSignIn in Frameworks */,
				DCB488A62B212D1E0092201A /* FirebaseFirestore in Frameworks */,
				DC3ECCBA2B2CF6C100D142B6 /* FirebaseFirestoreSwift in Frameworks */,
				DCB488AC2B212D1E0092201A /* FirebaseStorage in Frameworks */,
				DC5BDF262B3DDDB9005F6B06 /* FirebaseCrashlytics in Frameworks */,
				DCB488A02B212D1E0092201A /* FirebaseAnalytics in Frameworks */,
				DCB488A22B212D1E0092201A /* FirebaseAuth in Frameworks */,
			);
			runOnlyForDeploymentPostprocessing = 0;
		};
/* End PBXFrameworksBuildPhase section */

/* Begin PBXGroup section */
		7E59231D2ACE0014000B96F5 = {
			isa = PBXGroup;
			children = (
				DC9158EF2B2A45BF0098A968 /* GoogleService-Info.plist */,
				7EE375752AD04FD500C9D0DA /* Planet-Pet-Pals-Info.plist */,
				7E5923282ACE0014000B96F5 /* Planet Pet Pals */,
				7E5923272ACE0014000B96F5 /* Products */,
				DC3ECCB82B2CF6C100D142B6 /* Frameworks */,
			);
			sourceTree = "<group>";
		};
		7E5923272ACE0014000B96F5 /* Products */ = {
			isa = PBXGroup;
			children = (
				7E5923262ACE0014000B96F5 /* Planet Pet Pals.app */,
			);
			name = Products;
			sourceTree = "<group>";
		};
		7E5923282ACE0014000B96F5 /* Planet Pet Pals */ = {
			isa = PBXGroup;
			children = (
				7EC3725D2ADDF24E001876AD /* Views */,
				7EC810DA2AD187E100A5DDD0 /* Designs */,
				DC3ECCBB2B2CF98200D142B6 /* ViewModels */,
				DC4540772B30AF88008322F9 /* Managers */,
				DC9FB3D72B1539CA0035C0A7 /* Data */,
				DC418C492B08F2EA0070D226 /* Extensions */,
				7EC3725C2ADDF227001876AD /* Fonts */,
				7E59232D2ACE0019000B96F5 /* Assets.xcassets */,
				7E59232F2ACE0019000B96F5 /* Preview Content */,
			);
			path = "Planet Pet Pals";
			sourceTree = "<group>";
		};
		7E59232F2ACE0019000B96F5 /* Preview Content */ = {
			isa = PBXGroup;
			children = (
				7E5923302ACE0019000B96F5 /* Preview Assets.xcassets */,
			);
			path = "Preview Content";
			sourceTree = "<group>";
		};
		7EC3725C2ADDF227001876AD /* Fonts */ = {
			isa = PBXGroup;
			children = (
				7EC372622ADDFEBF001876AD /* Baloo2.ttf */,
			);
			path = Fonts;
			sourceTree = "<group>";
		};
		7EC3725D2ADDF24E001876AD /* Views */ = {
			isa = PBXGroup;
			children = (
				7E5923292ACE0014000B96F5 /* PPePa.swift */,
				DCFC5DAA2B28FD9B00AA9EB3 /* RootView.swift */,
				DC3ECCC02B2CFC4F00D142B6 /* AuthViews */,
				7E59232B2ACE0014000B96F5 /* MainMenuView.swift */,
				DCF671D72B24EDE00012D505 /* CreateView.swift */,
				DC1452092B0D44F30059FE96 /* MapView.swift */,
				DCD3B5B52B445C6B00A4743A /* StatsView.swift */,
				DC9366312B2F0BB80077D2F7 /* PanelViews */,
				DCF616512B3207610071378E /* CollectionViews */,
				DC9366322B2F0C650077D2F7 /* LaunchViews */,
			);
			path = Views;
			sourceTree = "<group>";
		};
		7EC810DA2AD187E100A5DDD0 /* Designs */ = {
			isa = PBXGroup;
			children = (
				DCB4889A2B20EFD10092201A /* ListDesign.swift */,
				DCEDF5A02B3A5255000AACAB /* TextDesign.swift */,
				DC418C472B08F2D40070D226 /* ImageDesign.swift */,
				DC44007E2B1D006A001F6609 /* ShapeDesign.swift */,
				7EC810DB2AD1881B00A5DDD0 /* ButtonDesign.swift */,
				DCFCE85B2B41D90400EAD795 /* SectionDesign.swift */,
				7E7B49412AD1F94D006AA8B6 /* SearchBarDesign.swift */,
				DC418C452B08F2570070D226 /* BackgroundDesign.swift */,
				DCE5CB2B2B0E4078005E5760 /* NavigationBarDesign.swift */,
			);
			path = Designs;
			sourceTree = "<group>";
		};
		DC3ECCB82B2CF6C100D142B6 /* Frameworks */ = {
			isa = PBXGroup;
			children = (
			);
			name = Frameworks;
			sourceTree = "<group>";
		};
		DC3ECCBB2B2CF98200D142B6 /* ViewModels */ = {
			isa = PBXGroup;
			children = (
				DC3ECCBE2B2CFABD00D142B6 /* AuthViewModel.swift */,
				DC3ECCBC2B2CF9A100D142B6 /* PanelViewModel.swift */,
				DCF6ED032B34F9B300BC5B11 /* ProfileViewModel.swift */,
				DCFCE8572B41CFE100EAD795 /* CreateViewModel.swift */,
				DCF6ECFD2B34F84B00BC5B11 /* PostListViewModel.swift */,
				DCF6ECFF2B34F88400BC5B11 /* LikedPostsViewModel.swift */,
				DCF6ED012B34F95800BC5B11 /* LikesViewModel.swift */,
				DC1330CB2B47ABB8002FCF52 /* PostViewModel.swift */,
				DC3FF5702B48B83500E2EF78 /* StatsViewModel.swift */,
				DC3FF5722B48B87E00E2EF78 /* ChartViewModel.swift */,
				DC3FF5742B48B8C300E2EF78 /* MyPostsViewModel.swift */,
				DC3FF5762B48B8EF00E2EF78 /* ReportedPostsViewModel.swift */,
				DC3FF5782B48B91900E2EF78 /* DeletedPostsViewModel.swift */,
				DC3FF57A2B48B97E00E2EF78 /* ProfileSettingsViewModel.swift */,
				DC3FF57C2B48B9DB00E2EF78 /* AccountSettingsViewModel.swift */,
			);
			path = ViewModels;
			sourceTree = "<group>";
		};
		DC3ECCC02B2CFC4F00D142B6 /* AuthViews */ = {
			isa = PBXGroup;
			children = (
				DCFC5DAC2B290E5E00AA9EB3 /* AuthView.swift */,
				DC5670B42B39EC1000807F2E /* ResetPasswordView.swift */,
			);
			path = AuthViews;
			sourceTree = "<group>";
		};
		DC418C492B08F2EA0070D226 /* Extensions */ = {
			isa = PBXGroup;
			children = (
				DC9158F22B2A4DFC0098A968 /* Utilities.swift */,
				7E5923372ACE155B000B96F5 /* ColorExtension.swift */,
				DC1330C72B478D2D002FCF52 /* GoogleUtility.swift */,
			);
			path = Extensions;
			sourceTree = "<group>";
		};
		DC4540772B30AF88008322F9 /* Managers */ = {
			isa = PBXGroup;
			children = (
				DCFC5DA82B28EBF100AA9EB3 /* AuthManager.swift */,
				DC3ECCC52B2D0EA000D142B6 /* UserManager.swift */,
				DC4540782B30B005008322F9 /* PostManager.swift */,
				DC38EEBD2B3726E60000AEB5 /* StorageManager.swift */,
				DC334A292B38D4CA00B027B8 /* UserLikedPostManager.swift */,
				DC3E676E2B45ABC2007CF2A8 /* CrashlyticsManager.swift */,
				DC3E67702B45AF8A007CF2A8 /* MaintenanceManager.swift */,
			);
			path = Managers;
			sourceTree = "<group>";
		};
		DC9366312B2F0BB80077D2F7 /* PanelViews */ = {
			isa = PBXGroup;
			children = (
				7E9C2F992AD34B860042F562 /* PanelView.swift */,
				DCD9E16B2B476C530045D20A /* MyPostsView.swift */,
				DC49FBCA2B3395DC00770741 /* LikesView.swift */,
				DCF5D1A32B4398D8001CF494 /* ReportedPostsView.swift */,
				DCD9E1692B4759BD0045D20A /* DeletedUserPostsView.swift */,
				DC1330C92B479A13002FCF52 /* ProfileSettingsView.swift */,
				DCF813512B4262BD004AD2D2 /* AccountSettingsView.swift */,
				DC49FBCC2B33960800770741 /* AppSettingsView.swift */,
				DCE608492B1E6143007C926A /* AboutView.swift */,
			);
			path = PanelViews;
			sourceTree = "<group>";
		};
		DC9366322B2F0C650077D2F7 /* LaunchViews */ = {
			isa = PBXGroup;
			children = (
				DCB94C462B2E586600661077 /* LaunchScreen.storyboard */,
				DC9366332B2F0C880077D2F7 /* LaunchView.swift */,
				DC63B2002B3C6DFD0084C97C /* MaintenanceView.swift */,
			);
			path = LaunchViews;
			sourceTree = "<group>";
		};
		DC9FB3D72B1539CA0035C0A7 /* Data */ = {
			isa = PBXGroup;
			children = (
				DC9FB3D82B153A330035C0A7 /* ColorData.swift */,
				DC97E3542B14D4BF00014018 /* RegionData.swift */,
				DCFBD2432B44F3310049E16F /* AnimalData.swift */,
				DC01C5122B3A455E00486BCB /* Localizable.strings */,
			);
			path = Data;
			sourceTree = "<group>";
		};
		DCF616512B3207610071378E /* CollectionViews */ = {
			isa = PBXGroup;
			children = (
				DC3ECCC32B2CFCB200D142B6 /* ProfileView.swift */,
				DC9B47532B37763200721504 /* PostView.swift */,
				DC9FF34B2B0FD49200DFCBD7 /* PostListView.swift */,
				DC49FBCE2B339FD600770741 /* PostCellView.swift */,
				DCF581582B3E4D4000147095 /* ChartView.swift */,
				DCFCE8592B41D2C400EAD795 /* MapPickerView.swift */,
				DCD9E1672B4720E40045D20A /* PostMapView.swift */,
			);
			path = CollectionViews;
			sourceTree = "<group>";
		};
/* End PBXGroup section */

/* Begin PBXNativeTarget section */
		7E5923252ACE0014000B96F5 /* Planet Pet Pals */ = {
			isa = PBXNativeTarget;
			buildConfigurationList = 7E5923342ACE0019000B96F5 /* Build configuration list for PBXNativeTarget "Planet Pet Pals" */;
			buildPhases = (
				7E5923222ACE0014000B96F5 /* Sources */,
				7E5923232ACE0014000B96F5 /* Frameworks */,
				7E5923242ACE0014000B96F5 /* Resources */,
				DC5BDF272B3E19F4005F6B06 /* ShellScript */,
			);
			buildRules = (
			);
			dependencies = (
			);
			name = "Planet Pet Pals";
			packageProductDependencies = (
				DCB4889F2B212D1E0092201A /* FirebaseAnalytics */,
				DCB488A12B212D1E0092201A /* FirebaseAuth */,
				DCB488A32B212D1E0092201A /* FirebaseDatabase */,
				DCB488A52B212D1E0092201A /* FirebaseFirestore */,
				DCB488AB2B212D1E0092201A /* FirebaseStorage */,
				DC9158EB2B2A44890098A968 /* GoogleSignIn */,
				DC9158ED2B2A44890098A968 /* GoogleSignInSwift */,
				DC3ECCB92B2CF6C100D142B6 /* FirebaseFirestoreSwift */,
				DC5BDF252B3DDDB9005F6B06 /* FirebaseCrashlytics */,
			);
			productName = "Planet Pet Pals";
			productReference = 7E5923262ACE0014000B96F5 /* Planet Pet Pals.app */;
			productType = "com.apple.product-type.application";
		};
/* End PBXNativeTarget section */

/* Begin PBXProject section */
		7E59231E2ACE0014000B96F5 /* Project object */ = {
			isa = PBXProject;
			attributes = {
				BuildIndependentTargetsInParallel = 1;
				LastSwiftUpdateCheck = 1500;
				LastUpgradeCheck = 1500;
				TargetAttributes = {
					7E5923252ACE0014000B96F5 = {
						CreatedOnToolsVersion = 15.0;
					};
				};
			};
			buildConfigurationList = 7E5923212ACE0014000B96F5 /* Build configuration list for PBXProject "Planet Pet Pals" */;
			compatibilityVersion = "Xcode 14.0";
			developmentRegion = en;
			hasScannedForEncodings = 0;
			knownRegions = (
				en,
				Base,
			);
			mainGroup = 7E59231D2ACE0014000B96F5;
			packageReferences = (
				DCB4889E2B212D1D0092201A /* XCRemoteSwiftPackageReference "firebase-ios-sdk" */,
				DC9158EA2B2A44890098A968 /* XCRemoteSwiftPackageReference "GoogleSignIn-iOS" */,
			);
			productRefGroup = 7E5923272ACE0014000B96F5 /* Products */;
			projectDirPath = "";
			projectRoot = "";
			targets = (
				7E5923252ACE0014000B96F5 /* Planet Pet Pals */,
			);
		};
/* End PBXProject section */

/* Begin PBXResourcesBuildPhase section */
		7E5923242ACE0014000B96F5 /* Resources */ = {
			isa = PBXResourcesBuildPhase;
			buildActionMask = 2147483647;
			files = (
				7E5923312ACE0019000B96F5 /* Preview Assets.xcassets in Resources */,
				DC01C5102B3A455D00486BCB /* Localizable.strings in Resources */,
				DC9158F02B2A45BF0098A968 /* GoogleService-Info.plist in Resources */,
				7E59232E2ACE0019000B96F5 /* Assets.xcassets in Resources */,
				DCB94C472B2E586600661077 /* LaunchScreen.storyboard in Resources */,
				7EC372632ADDFEBF001876AD /* Baloo2.ttf in Resources */,
			);
			runOnlyForDeploymentPostprocessing = 0;
		};
/* End PBXResourcesBuildPhase section */

/* Begin PBXShellScriptBuildPhase section */
		DC5BDF272B3E19F4005F6B06 /* ShellScript */ = {
			isa = PBXShellScriptBuildPhase;
			buildActionMask = 2147483647;
			files = (
			);
			inputFileListPaths = (
			);
			inputPaths = (
				"${DWARF_DSYM_FOLDER_PATH}/${DWARF_DSYM_FILE_NAME}",
				"${DWARF_DSYM_FOLDER_PATH}/${DWARF_DSYM_FILE_NAME}/Contents/Resources/DWARF/${PRODUCT_NAME}",
				"${DWARF_DSYM_FOLDER_PATH}/${DWARF_DSYM_FILE_NAME}/Contents/Info.plist",
				"$(TARGET_BUILD_DIR)/$(UNLOCALIZED_RESOURCES_FOLDER_PATH)/GoogleService-Info.plist",
				"$(TARGET_BUILD_DIR)/$(EXECUTABLE_PATH)",
			);
			outputFileListPaths = (
			);
			outputPaths = (
			);
			runOnlyForDeploymentPostprocessing = 0;
			shellPath = /bin/sh;
			shellScript = "# Type a script or drag a script file from your workspace to insert its path.\n\"${BUILD_DIR%/Build/*}/SourcePackages/checkouts/firebase-ios-sdk/Crashlytics/run\"\n";
		};
/* End PBXShellScriptBuildPhase section */

/* Begin PBXSourcesBuildPhase section */
		7E5923222ACE0014000B96F5 /* Sources */ = {
			isa = PBXSourcesBuildPhase;
			buildActionMask = 2147483647;
			files = (
				DC5670B52B39EC1000807F2E /* ResetPasswordView.swift in Sources */,
				DC9FF34C2B0FD49200DFCBD7 /* PostListView.swift in Sources */,
				DC3FF57D2B48B9DB00E2EF78 /* AccountSettingsViewModel.swift in Sources */,
				DCFCE85C2B41D90400EAD795 /* SectionDesign.swift in Sources */,
				DC9366342B2F0C880077D2F7 /* LaunchView.swift in Sources */,
				DCFC5DA92B28EBF100AA9EB3 /* AuthManager.swift in Sources */,
				DCB4889B2B20EFD10092201A /* ListDesign.swift in Sources */,
				DC9FB3D92B153A330035C0A7 /* ColorData.swift in Sources */,
				DCD9E1682B4720E40045D20A /* PostMapView.swift in Sources */,
				DC1330CC2B47ABB8002FCF52 /* PostViewModel.swift in Sources */,
				DCD9E16C2B476C540045D20A /* MyPostsView.swift in Sources */,
				DC418C462B08F2570070D226 /* BackgroundDesign.swift in Sources */,
				DC9158F32B2A4DFC0098A968 /* Utilities.swift in Sources */,
				DC3ECCC62B2D0EA000D142B6 /* UserManager.swift in Sources */,
				DC49FBCB2B3395DD00770741 /* LikesView.swift in Sources */,
				DC1330CA2B479A14002FCF52 /* ProfileSettingsView.swift in Sources */,
				DC3FF57B2B48B97E00E2EF78 /* ProfileSettingsViewModel.swift in Sources */,
				DC3E676F2B45ABC2007CF2A8 /* CrashlyticsManager.swift in Sources */,
				DC38EEBE2B3726E60000AEB5 /* StorageManager.swift in Sources */,
				DC3E67712B45AF8A007CF2A8 /* MaintenanceManager.swift in Sources */,
				DCFBD2442B44F3310049E16F /* AnimalData.swift in Sources */,
				DC418C482B08F2D40070D226 /* ImageDesign.swift in Sources */,
				DC4540792B30B005008322F9 /* PostManager.swift in Sources */,
				7E9C2F9A2AD34B860042F562 /* PanelView.swift in Sources */,
				DCF6ECFE2B34F84B00BC5B11 /* PostListViewModel.swift in Sources */,
				7E59232C2ACE0014000B96F5 /* MainMenuView.swift in Sources */,
				DC3FF5792B48B91900E2EF78 /* DeletedPostsViewModel.swift in Sources */,
				7E5923382ACE155B000B96F5 /* ColorExtension.swift in Sources */,
				DCFC5DAB2B28FD9B00AA9EB3 /* RootView.swift in Sources */,
				DC3ECCC42B2CFCB200D142B6 /* ProfileView.swift in Sources */,
				DCD3B5B62B445C6B00A4743A /* StatsView.swift in Sources */,
				7E59232A2ACE0014000B96F5 /* PPePa.swift in Sources */,
				DC3ECCBD2B2CF9A100D142B6 /* PanelViewModel.swift in Sources */,
				DCD9E16A2B4759BE0045D20A /* DeletedUserPostsView.swift in Sources */,
				DCFCE85A2B41D2C400EAD795 /* MapPickerView.swift in Sources */,
				7EC810DC2AD1881B00A5DDD0 /* ButtonDesign.swift in Sources */,
				DC334A2A2B38D4CA00B027B8 /* UserLikedPostManager.swift in Sources */,
				DC3FF5712B48B83600E2EF78 /* StatsViewModel.swift in Sources */,
				DCF671D82B24EDE00012D505 /* CreateView.swift in Sources */,
				DCFCE8582B41CFE100EAD795 /* CreateViewModel.swift in Sources */,
				DC3FF5752B48B8C300E2EF78 /* MyPostsViewModel.swift in Sources */,
				DC14520A2B0D44F30059FE96 /* MapView.swift in Sources */,
				7E7B49422AD1F94D006AA8B6 /* SearchBarDesign.swift in Sources */,
				DCF5D1A42B4398D8001CF494 /* ReportedPostsView.swift in Sources */,
				DC3FF5772B48B8EF00E2EF78 /* ReportedPostsViewModel.swift in Sources */,
				DCFC5DAD2B290E5E00AA9EB3 /* AuthView.swift in Sources */,
				DCF6ED042B34F9B300BC5B11 /* ProfileViewModel.swift in Sources */,
				DC49FBCD2B33960800770741 /* AppSettingsView.swift in Sources */,
				DC97E3552B14D4BF00014018 /* RegionData.swift in Sources */,
				DCEDF5A12B3A5255000AACAB /* TextDesign.swift in Sources */,
				DCE5CB2C2B0E4078005E5760 /* NavigationBarDesign.swift in Sources */,
				DCE6084A2B1E6143007C926A /* AboutView.swift in Sources */,
				DC1330C82B478D2D002FCF52 /* GoogleUtility.swift in Sources */,
				DCF581592B3E4D4000147095 /* ChartView.swift in Sources */,
				DC49FBCF2B339FD600770741 /* PostCellView.swift in Sources */,
				DC3ECCBF2B2CFABD00D142B6 /* AuthViewModel.swift in Sources */,
				DCF6ED002B34F88400BC5B11 /* LikedPostsViewModel.swift in Sources */,
				DCF813522B4262BD004AD2D2 /* AccountSettingsView.swift in Sources */,
				DC3FF5732B48B87E00E2EF78 /* ChartViewModel.swift in Sources */,
				DC44007F2B1D006A001F6609 /* ShapeDesign.swift in Sources */,
				DC9B47542B37763200721504 /* PostView.swift in Sources */,
				DC63B2012B3C6DFD0084C97C /* MaintenanceView.swift in Sources */,
				DCF6ED022B34F95800BC5B11 /* LikesViewModel.swift in Sources */,
			);
			runOnlyForDeploymentPostprocessing = 0;
		};
/* End PBXSourcesBuildPhase section */

/* Begin PBXVariantGroup section */
		DC01C5122B3A455E00486BCB /* Localizable.strings */ = {
			isa = PBXVariantGroup;
			children = (
				DC01C5112B3A455E00486BCB /* en */,
			);
			name = Localizable.strings;
			sourceTree = "<group>";
		};
/* End PBXVariantGroup section */

/* Begin XCBuildConfiguration section */
		7E5923322ACE0019000B96F5 /* Debug */ = {
			isa = XCBuildConfiguration;
			buildSettings = {
				ALWAYS_SEARCH_USER_PATHS = NO;
				ASSETCATALOG_COMPILER_GENERATE_SWIFT_ASSET_SYMBOL_EXTENSIONS = YES;
				CLANG_ANALYZER_NONNULL = YES;
				CLANG_ANALYZER_NUMBER_OBJECT_CONVERSION = YES_AGGRESSIVE;
				CLANG_CXX_LANGUAGE_STANDARD = "gnu++20";
				CLANG_ENABLE_MODULES = YES;
				CLANG_ENABLE_OBJC_ARC = YES;
				CLANG_ENABLE_OBJC_WEAK = YES;
				CLANG_WARN_BLOCK_CAPTURE_AUTORELEASING = YES;
				CLANG_WARN_BOOL_CONVERSION = YES;
				CLANG_WARN_COMMA = YES;
				CLANG_WARN_CONSTANT_CONVERSION = YES;
				CLANG_WARN_DEPRECATED_OBJC_IMPLEMENTATIONS = YES;
				CLANG_WARN_DIRECT_OBJC_ISA_USAGE = YES_ERROR;
				CLANG_WARN_DOCUMENTATION_COMMENTS = YES;
				CLANG_WARN_EMPTY_BODY = YES;
				CLANG_WARN_ENUM_CONVERSION = YES;
				CLANG_WARN_INFINITE_RECURSION = YES;
				CLANG_WARN_INT_CONVERSION = YES;
				CLANG_WARN_NON_LITERAL_NULL_CONVERSION = YES;
				CLANG_WARN_OBJC_IMPLICIT_RETAIN_SELF = YES;
				CLANG_WARN_OBJC_LITERAL_CONVERSION = YES;
				CLANG_WARN_OBJC_ROOT_CLASS = YES_ERROR;
				CLANG_WARN_QUOTED_INCLUDE_IN_FRAMEWORK_HEADER = YES;
				CLANG_WARN_RANGE_LOOP_ANALYSIS = YES;
				CLANG_WARN_STRICT_PROTOTYPES = YES;
				CLANG_WARN_SUSPICIOUS_MOVE = YES;
				CLANG_WARN_UNGUARDED_AVAILABILITY = YES_AGGRESSIVE;
				CLANG_WARN_UNREACHABLE_CODE = YES;
				CLANG_WARN__DUPLICATE_METHOD_MATCH = YES;
				COPY_PHASE_STRIP = NO;
				DEBUG_INFORMATION_FORMAT = dwarf;
				ENABLE_STRICT_OBJC_MSGSEND = YES;
				ENABLE_TESTABILITY = YES;
				ENABLE_USER_SCRIPT_SANDBOXING = YES;
				GCC_C_LANGUAGE_STANDARD = gnu17;
				GCC_DYNAMIC_NO_PIC = NO;
				GCC_NO_COMMON_BLOCKS = YES;
				GCC_OPTIMIZATION_LEVEL = 0;
				GCC_PREPROCESSOR_DEFINITIONS = (
					"DEBUG=1",
					"$(inherited)",
				);
				GCC_WARN_64_TO_32_BIT_CONVERSION = YES;
				GCC_WARN_ABOUT_RETURN_TYPE = YES_ERROR;
				GCC_WARN_UNDECLARED_SELECTOR = YES;
				GCC_WARN_UNINITIALIZED_AUTOS = YES_AGGRESSIVE;
				GCC_WARN_UNUSED_FUNCTION = YES;
				GCC_WARN_UNUSED_VARIABLE = YES;
				IPHONEOS_DEPLOYMENT_TARGET = 17.0;
				LOCALIZATION_PREFERS_STRING_CATALOGS = YES;
				MTL_ENABLE_DEBUG_INFO = INCLUDE_SOURCE;
				MTL_FAST_MATH = YES;
				ONLY_ACTIVE_ARCH = YES;
				SDKROOT = iphoneos;
				SWIFT_ACTIVE_COMPILATION_CONDITIONS = "DEBUG $(inherited)";
				SWIFT_OPTIMIZATION_LEVEL = "-Onone";
			};
			name = Debug;
		};
		7E5923332ACE0019000B96F5 /* Release */ = {
			isa = XCBuildConfiguration;
			buildSettings = {
				ALWAYS_SEARCH_USER_PATHS = NO;
				ASSETCATALOG_COMPILER_GENERATE_SWIFT_ASSET_SYMBOL_EXTENSIONS = YES;
				CLANG_ANALYZER_NONNULL = YES;
				CLANG_ANALYZER_NUMBER_OBJECT_CONVERSION = YES_AGGRESSIVE;
				CLANG_CXX_LANGUAGE_STANDARD = "gnu++20";
				CLANG_ENABLE_MODULES = YES;
				CLANG_ENABLE_OBJC_ARC = YES;
				CLANG_ENABLE_OBJC_WEAK = YES;
				CLANG_WARN_BLOCK_CAPTURE_AUTORELEASING = YES;
				CLANG_WARN_BOOL_CONVERSION = YES;
				CLANG_WARN_COMMA = YES;
				CLANG_WARN_CONSTANT_CONVERSION = YES;
				CLANG_WARN_DEPRECATED_OBJC_IMPLEMENTATIONS = YES;
				CLANG_WARN_DIRECT_OBJC_ISA_USAGE = YES_ERROR;
				CLANG_WARN_DOCUMENTATION_COMMENTS = YES;
				CLANG_WARN_EMPTY_BODY = YES;
				CLANG_WARN_ENUM_CONVERSION = YES;
				CLANG_WARN_INFINITE_RECURSION = YES;
				CLANG_WARN_INT_CONVERSION = YES;
				CLANG_WARN_NON_LITERAL_NULL_CONVERSION = YES;
				CLANG_WARN_OBJC_IMPLICIT_RETAIN_SELF = YES;
				CLANG_WARN_OBJC_LITERAL_CONVERSION = YES;
				CLANG_WARN_OBJC_ROOT_CLASS = YES_ERROR;
				CLANG_WARN_QUOTED_INCLUDE_IN_FRAMEWORK_HEADER = YES;
				CLANG_WARN_RANGE_LOOP_ANALYSIS = YES;
				CLANG_WARN_STRICT_PROTOTYPES = YES;
				CLANG_WARN_SUSPICIOUS_MOVE = YES;
				CLANG_WARN_UNGUARDED_AVAILABILITY = YES_AGGRESSIVE;
				CLANG_WARN_UNREACHABLE_CODE = YES;
				CLANG_WARN__DUPLICATE_METHOD_MATCH = YES;
				COPY_PHASE_STRIP = NO;
				DEBUG_INFORMATION_FORMAT = "dwarf-with-dsym";
				ENABLE_NS_ASSERTIONS = NO;
				ENABLE_STRICT_OBJC_MSGSEND = YES;
				ENABLE_USER_SCRIPT_SANDBOXING = YES;
				GCC_C_LANGUAGE_STANDARD = gnu17;
				GCC_NO_COMMON_BLOCKS = YES;
				GCC_WARN_64_TO_32_BIT_CONVERSION = YES;
				GCC_WARN_ABOUT_RETURN_TYPE = YES_ERROR;
				GCC_WARN_UNDECLARED_SELECTOR = YES;
				GCC_WARN_UNINITIALIZED_AUTOS = YES_AGGRESSIVE;
				GCC_WARN_UNUSED_FUNCTION = YES;
				GCC_WARN_UNUSED_VARIABLE = YES;
				IPHONEOS_DEPLOYMENT_TARGET = 17.0;
				LOCALIZATION_PREFERS_STRING_CATALOGS = YES;
				MTL_ENABLE_DEBUG_INFO = NO;
				MTL_FAST_MATH = YES;
				SDKROOT = iphoneos;
				SWIFT_COMPILATION_MODE = wholemodule;
				VALIDATE_PRODUCT = YES;
			};
			name = Release;
		};
		7E5923352ACE0019000B96F5 /* Debug */ = {
			isa = XCBuildConfiguration;
			buildSettings = {
				ASSETCATALOG_COMPILER_APPICON_NAME = AppIcon;
				ASSETCATALOG_COMPILER_GLOBAL_ACCENT_COLOR_NAME = AccentColor;
				ASSETCATALOG_COMPILER_INCLUDE_ALL_APPICON_ASSETS = NO;
				CODE_SIGN_STYLE = Automatic;
				CURRENT_PROJECT_VERSION = 1;
				DEBUG_INFORMATION_FORMAT = "dwarf-with-dsym";
				DEVELOPMENT_ASSET_PATHS = "\"Planet Pet Pals/Preview Content\"";
				DEVELOPMENT_TEAM = RW4PA4UCU3;
				ENABLE_PREVIEWS = YES;
				ENABLE_USER_SCRIPT_SANDBOXING = NO;
				GENERATE_INFOPLIST_FILE = YES;
				INFOPLIST_FILE = "Planet-Pet-Pals-Info.plist";
				INFOPLIST_KEY_CFBundleDisplayName = PPePa;
				INFOPLIST_KEY_UIApplicationSceneManifest_Generation = YES;
				INFOPLIST_KEY_UIApplicationSupportsIndirectInputEvents = YES;
				INFOPLIST_KEY_UILaunchStoryboardName = LaunchScreen.storyboard;
				INFOPLIST_KEY_UISupportedInterfaceOrientations_iPad = "UIInterfaceOrientationPortrait UIInterfaceOrientationPortraitUpsideDown UIInterfaceOrientationLandscapeLeft UIInterfaceOrientationLandscapeRight";
				INFOPLIST_KEY_UISupportedInterfaceOrientations_iPhone = "UIInterfaceOrientationPortrait UIInterfaceOrientationLandscapeLeft UIInterfaceOrientationLandscapeRight";
				IPHONEOS_DEPLOYMENT_TARGET = 16.0;
				LD_RUNPATH_SEARCH_PATHS = (
					"$(inherited)",
					"@executable_path/Frameworks",
				);
				MARKETING_VERSION = 1.0;
				PRODUCT_BUNDLE_IDENTIFIER = "com.liene.planet-pet-pals";
				PRODUCT_NAME = "$(TARGET_NAME)";
				SWIFT_EMIT_LOC_STRINGS = YES;
				SWIFT_VERSION = 5.0;
				TARGETED_DEVICE_FAMILY = "1,2";
			};
			name = Debug;
		};
		7E5923362ACE0019000B96F5 /* Release */ = {
			isa = XCBuildConfiguration;
			buildSettings = {
				ASSETCATALOG_COMPILER_APPICON_NAME = AppIcon;
				ASSETCATALOG_COMPILER_GLOBAL_ACCENT_COLOR_NAME = AccentColor;
				ASSETCATALOG_COMPILER_INCLUDE_ALL_APPICON_ASSETS = NO;
				CODE_SIGN_STYLE = Automatic;
				CURRENT_PROJECT_VERSION = 1;
				DEVELOPMENT_ASSET_PATHS = "\"Planet Pet Pals/Preview Content\"";
				DEVELOPMENT_TEAM = RW4PA4UCU3;
				ENABLE_PREVIEWS = YES;
				ENABLE_USER_SCRIPT_SANDBOXING = NO;
				GENERATE_INFOPLIST_FILE = YES;
				INFOPLIST_FILE = "Planet-Pet-Pals-Info.plist";
				INFOPLIST_KEY_CFBundleDisplayName = PPePa;
				INFOPLIST_KEY_UIApplicationSceneManifest_Generation = YES;
				INFOPLIST_KEY_UIApplicationSupportsIndirectInputEvents = YES;
				INFOPLIST_KEY_UILaunchStoryboardName = LaunchScreen.storyboard;
				INFOPLIST_KEY_UISupportedInterfaceOrientations_iPad = "UIInterfaceOrientationPortrait UIInterfaceOrientationPortraitUpsideDown UIInterfaceOrientationLandscapeLeft UIInterfaceOrientationLandscapeRight";
				INFOPLIST_KEY_UISupportedInterfaceOrientations_iPhone = "UIInterfaceOrientationPortrait UIInterfaceOrientationLandscapeLeft UIInterfaceOrientationLandscapeRight";
				IPHONEOS_DEPLOYMENT_TARGET = 16.0;
				LD_RUNPATH_SEARCH_PATHS = (
					"$(inherited)",
					"@executable_path/Frameworks",
				);
				MARKETING_VERSION = 1.0;
				PRODUCT_BUNDLE_IDENTIFIER = "com.liene.planet-pet-pals";
				PRODUCT_NAME = "$(TARGET_NAME)";
				SWIFT_EMIT_LOC_STRINGS = YES;
				SWIFT_VERSION = 5.0;
				TARGETED_DEVICE_FAMILY = "1,2";
			};
			name = Release;
		};
/* End XCBuildConfiguration section */

/* Begin XCConfigurationList section */
		7E5923212ACE0014000B96F5 /* Build configuration list for PBXProject "Planet Pet Pals" */ = {
			isa = XCConfigurationList;
			buildConfigurations = (
				7E5923322ACE0019000B96F5 /* Debug */,
				7E5923332ACE0019000B96F5 /* Release */,
			);
			defaultConfigurationIsVisible = 0;
			defaultConfigurationName = Release;
		};
		7E5923342ACE0019000B96F5 /* Build configuration list for PBXNativeTarget "Planet Pet Pals" */ = {
			isa = XCConfigurationList;
			buildConfigurations = (
				7E5923352ACE0019000B96F5 /* Debug */,
				7E5923362ACE0019000B96F5 /* Release */,
			);
			defaultConfigurationIsVisible = 0;
			defaultConfigurationName = Release;
		};
/* End XCConfigurationList section */

/* Begin XCRemoteSwiftPackageReference section */
		DC9158EA2B2A44890098A968 /* XCRemoteSwiftPackageReference "GoogleSignIn-iOS" */ = {
			isa = XCRemoteSwiftPackageReference;
			repositoryURL = "https://github.com/google/GoogleSignIn-iOS.git";
			requirement = {
				kind = upToNextMajorVersion;
				minimumVersion = 7.0.0;
			};
		};
		DCB4889E2B212D1D0092201A /* XCRemoteSwiftPackageReference "firebase-ios-sdk" */ = {
			isa = XCRemoteSwiftPackageReference;
			repositoryURL = "https://github.com/firebase/firebase-ios-sdk";
			requirement = {
				kind = exactVersion;
				version = 10.4.0;
			};
		};
/* End XCRemoteSwiftPackageReference section */

/* Begin XCSwiftPackageProductDependency section */
		DC3ECCB92B2CF6C100D142B6 /* FirebaseFirestoreSwift */ = {
			isa = XCSwiftPackageProductDependency;
			package = DCB4889E2B212D1D0092201A /* XCRemoteSwiftPackageReference "firebase-ios-sdk" */;
			productName = FirebaseFirestoreSwift;
		};
		DC5BDF252B3DDDB9005F6B06 /* FirebaseCrashlytics */ = {
			isa = XCSwiftPackageProductDependency;
			package = DCB4889E2B212D1D0092201A /* XCRemoteSwiftPackageReference "firebase-ios-sdk" */;
			productName = FirebaseCrashlytics;
		};
		DC9158EB2B2A44890098A968 /* GoogleSignIn */ = {
			isa = XCSwiftPackageProductDependency;
			package = DC9158EA2B2A44890098A968 /* XCRemoteSwiftPackageReference "GoogleSignIn-iOS" */;
			productName = GoogleSignIn;
		};
		DC9158ED2B2A44890098A968 /* GoogleSignInSwift */ = {
			isa = XCSwiftPackageProductDependency;
			package = DC9158EA2B2A44890098A968 /* XCRemoteSwiftPackageReference "GoogleSignIn-iOS" */;
			productName = GoogleSignInSwift;
		};
		DCB4889F2B212D1E0092201A /* FirebaseAnalytics */ = {
			isa = XCSwiftPackageProductDependency;
			package = DCB4889E2B212D1D0092201A /* XCRemoteSwiftPackageReference "firebase-ios-sdk" */;
			productName = FirebaseAnalytics;
		};
		DCB488A12B212D1E0092201A /* FirebaseAuth */ = {
			isa = XCSwiftPackageProductDependency;
			package = DCB4889E2B212D1D0092201A /* XCRemoteSwiftPackageReference "firebase-ios-sdk" */;
			productName = FirebaseAuth;
		};
		DCB488A32B212D1E0092201A /* FirebaseDatabase */ = {
			isa = XCSwiftPackageProductDependency;
			package = DCB4889E2B212D1D0092201A /* XCRemoteSwiftPackageReference "firebase-ios-sdk" */;
			productName = FirebaseDatabase;
		};
		DCB488A52B212D1E0092201A /* FirebaseFirestore */ = {
			isa = XCSwiftPackageProductDependency;
			package = DCB4889E2B212D1D0092201A /* XCRemoteSwiftPackageReference "firebase-ios-sdk" */;
			productName = FirebaseFirestore;
		};
		DCB488AB2B212D1E0092201A /* FirebaseStorage */ = {
			isa = XCSwiftPackageProductDependency;
			package = DCB4889E2B212D1D0092201A /* XCRemoteSwiftPackageReference "firebase-ios-sdk" */;
			productName = FirebaseStorage;
		};
/* End XCSwiftPackageProductDependency section */
	};
	rootObject = 7E59231E2ACE0014000B96F5 /* Project object */;
}
